// !$*UTF8*$!
{
	archiveVersion = 1;
	classes = {
	};
	objectVersion = 50;
	objects = {

/* Begin PBXBuildFile section */
		3B0173C82494E72C00CC7907 /* AppDelegate.swift in Sources */ = {isa = PBXBuildFile; fileRef = 3B0173C72494E72C00CC7907 /* AppDelegate.swift */; };
		3B0173CA2494E72C00CC7907 /* SceneDelegate.swift in Sources */ = {isa = PBXBuildFile; fileRef = 3B0173C92494E72C00CC7907 /* SceneDelegate.swift */; };
		3B0173CC2494E72C00CC7907 /* ViewController.swift in Sources */ = {isa = PBXBuildFile; fileRef = 3B0173CB2494E72C00CC7907 /* ViewController.swift */; };
		3B0173CF2494E72C00CC7907 /* Main.storyboard in Resources */ = {isa = PBXBuildFile; fileRef = 3B0173CD2494E72C00CC7907 /* Main.storyboard */; };
		3B0173D12494E73100CC7907 /* Assets.xcassets in Resources */ = {isa = PBXBuildFile; fileRef = 3B0173D02494E73100CC7907 /* Assets.xcassets */; };
		3B0173D42494E73100CC7907 /* LaunchScreen.storyboard in Resources */ = {isa = PBXBuildFile; fileRef = 3B0173D22494E73100CC7907 /* LaunchScreen.storyboard */; };
		3B0173DD2494E8D500CC7907 /* MainTableView.swift in Sources */ = {isa = PBXBuildFile; fileRef = 3B0173DC2494E8D500CC7907 /* MainTableView.swift */; };
		3B0173DF2494E8DD00CC7907 /* MainTableController.swift in Sources */ = {isa = PBXBuildFile; fileRef = 3B0173DE2494E8DD00CC7907 /* MainTableController.swift */; };
		3B0173E12494E8E600CC7907 /* MainTablePresenter.swift in Sources */ = {isa = PBXBuildFile; fileRef = 3B0173E02494E8E600CC7907 /* MainTablePresenter.swift */; };
		3B0173E32494E8F200CC7907 /* MainTableInteractor.swift in Sources */ = {isa = PBXBuildFile; fileRef = 3B0173E22494E8F200CC7907 /* MainTableInteractor.swift */; };
		3B0173E52494E8FF00CC7907 /* MainTableRouter.swift in Sources */ = {isa = PBXBuildFile; fileRef = 3B0173E42494E8FF00CC7907 /* MainTableRouter.swift */; };
		3B0173E72494E92400CC7907 /* MainTableConfigurator.swift in Sources */ = {isa = PBXBuildFile; fileRef = 3B0173E62494E92400CC7907 /* MainTableConfigurator.swift */; };
		3B0173E92494E93200CC7907 /* MainTableInterfaces.swift in Sources */ = {isa = PBXBuildFile; fileRef = 3B0173E82494E93200CC7907 /* MainTableInterfaces.swift */; };
		3B0173EB2494EC8000CC7907 /* MainTableViewCell.swift in Sources */ = {isa = PBXBuildFile; fileRef = 3B0173EA2494EC8000CC7907 /* MainTableViewCell.swift */; };
/* End PBXBuildFile section */

/* Begin PBXFileReference section */
		3B0173C42494E72C00CC7907 /* TaskOne.app */ = {isa = PBXFileReference; explicitFileType = wrapper.application; includeInIndex = 0; path = TaskOne.app; sourceTree = BUILT_PRODUCTS_DIR; };
		3B0173C72494E72C00CC7907 /* AppDelegate.swift */ = {isa = PBXFileReference; lastKnownFileType = sourcecode.swift; path = AppDelegate.swift; sourceTree = "<group>"; };
		3B0173C92494E72C00CC7907 /* SceneDelegate.swift */ = {isa = PBXFileReference; lastKnownFileType = sourcecode.swift; path = SceneDelegate.swift; sourceTree = "<group>"; };
		3B0173CB2494E72C00CC7907 /* ViewController.swift */ = {isa = PBXFileReference; lastKnownFileType = sourcecode.swift; path = ViewController.swift; sourceTree = "<group>"; };
		3B0173CE2494E72C00CC7907 /* Base */ = {isa = PBXFileReference; lastKnownFileType = file.storyboard; name = Base; path = Base.lproj/Main.storyboard; sourceTree = "<group>"; };
		3B0173D02494E73100CC7907 /* Assets.xcassets */ = {isa = PBXFileReference; lastKnownFileType = folder.assetcatalog; path = Assets.xcassets; sourceTree = "<group>"; };
		3B0173D32494E73100CC7907 /* Base */ = {isa = PBXFileReference; lastKnownFileType = file.storyboard; name = Base; path = Base.lproj/LaunchScreen.storyboard; sourceTree = "<group>"; };
		3B0173D52494E73100CC7907 /* Info.plist */ = {isa = PBXFileReference; lastKnownFileType = text.plist.xml; path = Info.plist; sourceTree = "<group>"; };
		3B0173DC2494E8D500CC7907 /* MainTableView.swift */ = {isa = PBXFileReference; lastKnownFileType = sourcecode.swift; path = MainTableView.swift; sourceTree = "<group>"; };
		3B0173DE2494E8DD00CC7907 /* MainTableController.swift */ = {isa = PBXFileReference; lastKnownFileType = sourcecode.swift; path = MainTableController.swift; sourceTree = "<group>"; };
		3B0173E02494E8E600CC7907 /* MainTablePresenter.swift */ = {isa = PBXFileReference; lastKnownFileType = sourcecode.swift; path = MainTablePresenter.swift; sourceTree = "<group>"; };
		3B0173E22494E8F200CC7907 /* MainTableInteractor.swift */ = {isa = PBXFileReference; lastKnownFileType = sourcecode.swift; path = MainTableInteractor.swift; sourceTree = "<group>"; };
		3B0173E42494E8FF00CC7907 /* MainTableRouter.swift */ = {isa = PBXFileReference; lastKnownFileType = sourcecode.swift; path = MainTableRouter.swift; sourceTree = "<group>"; };
		3B0173E62494E92400CC7907 /* MainTableConfigurator.swift */ = {isa = PBXFileReference; lastKnownFileType = sourcecode.swift; path = MainTableConfigurator.swift; sourceTree = "<group>"; };
		3B0173E82494E93200CC7907 /* MainTableInterfaces.swift */ = {isa = PBXFileReference; lastKnownFileType = sourcecode.swift; path = MainTableInterfaces.swift; sourceTree = "<group>"; };
		3B0173EA2494EC8000CC7907 /* MainTableViewCell.swift */ = {isa = PBXFileReference; lastKnownFileType = sourcecode.swift; path = MainTableViewCell.swift; sourceTree = "<group>"; };
/* End PBXFileReference section */

/* Begin PBXFrameworksBuildPhase section */
		3B0173C12494E72C00CC7907 /* Frameworks */ = {
			isa = PBXFrameworksBuildPhase;
			buildActionMask = 2147483647;
			files = (
			);
			runOnlyForDeploymentPostprocessing = 0;
		};
/* End PBXFrameworksBuildPhase section */

/* Begin PBXGroup section */
		3B0173BB2494E72C00CC7907 = {
			isa = PBXGroup;
			children = (
				3B0173C62494E72C00CC7907 /* TaskOne */,
				3B0173C52494E72C00CC7907 /* Products */,
			);
			sourceTree = "<group>";
		};
		3B0173C52494E72C00CC7907 /* Products */ = {
			isa = PBXGroup;
			children = (
				3B0173C42494E72C00CC7907 /* TaskOne.app */,
			);
			name = Products;
			sourceTree = "<group>";
		};
		3B0173C62494E72C00CC7907 /* TaskOne */ = {
			isa = PBXGroup;
			children = (
				3B0173C72494E72C00CC7907 /* AppDelegate.swift */,
				3B0173C92494E72C00CC7907 /* SceneDelegate.swift */,
				3B0173DB2494E8B700CC7907 /* Main */,
				3B0173D22494E73100CC7907 /* LaunchScreen.storyboard */,
				3B0173CD2494E72C00CC7907 /* Main.storyboard */,
				3B0173CB2494E72C00CC7907 /* ViewController.swift */,
				3B0173D02494E73100CC7907 /* Assets.xcassets */,
				3B0173D52494E73100CC7907 /* Info.plist */,
			);
			path = TaskOne;
			sourceTree = "<group>";
		};
		3B0173DB2494E8B700CC7907 /* Main */ = {
			isa = PBXGroup;
			children = (
				3B0173EA2494EC8000CC7907 /* MainTableViewCell.swift */,
				3B0173DC2494E8D500CC7907 /* MainTableView.swift */,
				3B0173DE2494E8DD00CC7907 /* MainTableController.swift */,
				3B0173E02494E8E600CC7907 /* MainTablePresenter.swift */,
				3B0173E22494E8F200CC7907 /* MainTableInteractor.swift */,
				3B0173E42494E8FF00CC7907 /* MainTableRouter.swift */,
				3B0173E62494E92400CC7907 /* MainTableConfigurator.swift */,
				3B0173E82494E93200CC7907 /* MainTableInterfaces.swift */,
			);
			path = Main;
			sourceTree = "<group>";
		};
/* End PBXGroup section */

/* Begin PBXNativeTarget section */
		3B0173C32494E72C00CC7907 /* TaskOne */ = {
			isa = PBXNativeTarget;
			buildConfigurationList = 3B0173D82494E73100CC7907 /* Build configuration list for PBXNativeTarget "TaskOne" */;
			buildPhases = (
				3B0173C02494E72C00CC7907 /* Sources */,
				3B0173C12494E72C00CC7907 /* Frameworks */,
				3B0173C22494E72C00CC7907 /* Resources */,
			);
			buildRules = (
			);
			dependencies = (
			);
			name = TaskOne;
			productName = TaskOne;
			productReference = 3B0173C42494E72C00CC7907 /* TaskOne.app */;
			productType = "com.apple.product-type.application";
		};
/* End PBXNativeTarget section */

/* Begin PBXProject section */
		3B0173BC2494E72C00CC7907 /* Project object */ = {
			isa = PBXProject;
			attributes = {
				LastSwiftUpdateCheck = 1130;
				LastUpgradeCheck = 1130;
				ORGANIZATIONNAME = "Artem Golovanev";
				TargetAttributes = {
					3B0173C32494E72C00CC7907 = {
						CreatedOnToolsVersion = 11.3.1;
					};
				};
			};
			buildConfigurationList = 3B0173BF2494E72C00CC7907 /* Build configuration list for PBXProject "TaskOne" */;
			compatibilityVersion = "Xcode 9.3";
			developmentRegion = en;
			hasScannedForEncodings = 0;
			knownRegions = (
				en,
				Base,
			);
			mainGroup = 3B0173BB2494E72C00CC7907;
			productRefGroup = 3B0173C52494E72C00CC7907 /* Products */;
			projectDirPath = "";
			projectRoot = "";
			targets = (
				3B0173C32494E72C00CC7907 /* TaskOne */,
			);
		};
/* End PBXProject section */

/* Begin PBXResourcesBuildPhase section */
		3B0173C22494E72C00CC7907 /* Resources */ = {
			isa = PBXResourcesBuildPhase;
			buildActionMask = 2147483647;
			files = (
				3B0173D42494E73100CC7907 /* LaunchScreen.storyboard in Resources */,
				3B0173D12494E73100CC7907 /* Assets.xcassets in Resources */,
				3B0173CF2494E72C00CC7907 /* Main.storyboard in Resources */,
			);
			runOnlyForDeploymentPostprocessing = 0;
		};
/* End PBXResourcesBuildPhase section */

/* Begin PBXSourcesBuildPhase section */
		3B0173C02494E72C00CC7907 /* Sources */ = {
			isa = PBXSourcesBuildPhase;
			buildActionMask = 2147483647;
			files = (
				3B0173E92494E93200CC7907 /* MainTableInterfaces.swift in Sources */,
				3B0173CC2494E72C00CC7907 /* ViewController.swift in Sources */,
				3B0173EB2494EC8000CC7907 /* MainTableViewCell.swift in Sources */,
				3B0173E52494E8FF00CC7907 /* MainTableRouter.swift in Sources */,
				3B0173E72494E92400CC7907 /* MainTableConfigurator.swift in Sources */,
				3B0173E12494E8E600CC7907 /* MainTablePresenter.swift in Sources */,
				3B0173DD2494E8D500CC7907 /* MainTableView.swift in Sources */,
				3B0173C82494E72C00CC7907 /* AppDelegate.swift in Sources */,
				3B0173CA2494E72C00CC7907 /* SceneDelegate.swift in Sources */,
				3B0173E32494E8F200CC7907 /* MainTableInteractor.swift in Sources */,
				3B0173DF2494E8DD00CC7907 /* MainTableController.swift in Sources */,
			);
			runOnlyForDeploymentPostprocessing = 0;
		};
/* End PBXSourcesBuildPhase section */

/* Begin PBXVariantGroup section */
		3B0173CD2494E72C00CC7907 /* Main.storyboard */ = {
			isa = PBXVariantGroup;
			children = (
				3B0173CE2494E72C00CC7907 /* Base */,
			);
			name = Main.storyboard;
			sourceTree = "<group>";
		};
		3B0173D22494E73100CC7907 /* LaunchScreen.storyboard */ = {
			isa = PBXVariantGroup;
			children = (
				3B0173D32494E73100CC7907 /* Base */,
			);
			name = LaunchScreen.storyboard;
			sourceTree = "<group>";
		};
/* End PBXVariantGroup section */

/* Begin XCBuildConfiguration section */
		3B0173D62494E73100CC7907 /* Debug */ = {
			isa = XCBuildConfiguration;
			buildSettings = {
				ALWAYS_SEARCH_USER_PATHS = NO;
				CLANG_ANALYZER_NONNULL = YES;
				CLANG_ANALYZER_NUMBER_OBJECT_CONVERSION = YES_AGGRESSIVE;
				CLANG_CXX_LANGUAGE_STANDARD = "gnu++14";
				CLANG_CXX_LIBRARY = "libc++";
				CLANG_ENABLE_MODULES = YES;
				CLANG_ENABLE_OBJC_ARC = YES;
				CLANG_ENABLE_OBJC_WEAK = YES;
				CLANG_WARN_BLOCK_CAPTURE_AUTORELEASING = YES;
				CLANG_WARN_BOOL_CONVERSION = YES;
				CLANG_WARN_COMMA = YES;
				CLANG_WARN_CONSTANT_CONVERSION = YES;
				CLANG_WARN_DEPRECATED_OBJC_IMPLEMENTATIONS = YES;
				CLANG_WARN_DIRECT_OBJC_ISA_USAGE = YES_ERROR;
				CLANG_WARN_DOCUMENTATION_COMMENTS = YES;
				CLANG_WARN_EMPTY_BODY = YES;
				CLANG_WARN_ENUM_CONVERSION = YES;
				CLANG_WARN_INFINITE_RECURSION = YES;
				CLANG_WARN_INT_CONVERSION = YES;
				CLANG_WARN_NON_LITERAL_NULL_CONVERSION = YES;
				CLANG_WARN_OBJC_IMPLICIT_RETAIN_SELF = YES;
				CLANG_WARN_OBJC_LITERAL_CONVERSION = YES;
				CLANG_WARN_OBJC_ROOT_CLASS = YES_ERROR;
				CLANG_WARN_RANGE_LOOP_ANALYSIS = YES;
				CLANG_WARN_STRICT_PROTOTYPES = YES;
				CLANG_WARN_SUSPICIOUS_MOVE = YES;
				CLANG_WARN_UNGUARDED_AVAILABILITY = YES_AGGRESSIVE;
				CLANG_WARN_UNREACHABLE_CODE = YES;
				CLANG_WARN__DUPLICATE_METHOD_MATCH = YES;
				COPY_PHASE_STRIP = NO;
				DEBUG_INFORMATION_FORMAT = dwarf;
				ENABLE_STRICT_OBJC_MSGSEND = YES;
				ENABLE_TESTABILITY = YES;
				GCC_C_LANGUAGE_STANDARD = gnu11;
				GCC_DYNAMIC_NO_PIC = NO;
				GCC_NO_COMMON_BLOCKS = YES;
				GCC_OPTIMIZATION_LEVEL = 0;
				GCC_PREPROCESSOR_DEFINITIONS = (
					"DEBUG=1",
					"$(inherited)",
				);
				GCC_WARN_64_TO_32_BIT_CONVERSION = YES;
				GCC_WARN_ABOUT_RETURN_TYPE = YES_ERROR;
				GCC_WARN_UNDECLARED_SELECTOR = YES;
				GCC_WARN_UNINITIALIZED_AUTOS = YES_AGGRESSIVE;
				GCC_WARN_UNUSED_FUNCTION = YES;
				GCC_WARN_UNUSED_VARIABLE = YES;
				IPHONEOS_DEPLOYMENT_TARGET = 13.2;
				MTL_ENABLE_DEBUG_INFO = INCLUDE_SOURCE;
				MTL_FAST_MATH = YES;
				ONLY_ACTIVE_ARCH = YES;
				SDKROOT = iphoneos;
				SWIFT_ACTIVE_COMPILATION_CONDITIONS = DEBUG;
				SWIFT_OPTIMIZATION_LEVEL = "-Onone";
			};
			name = Debug;
		};
		3B0173D72494E73100CC7907 /* Release */ = {
			isa = XCBuildConfiguration;
			buildSettings = {
				ALWAYS_SEARCH_USER_PATHS = NO;
				CLANG_ANALYZER_NONNULL = YES;
				CLANG_ANALYZER_NUMBER_OBJECT_CONVERSION = YES_AGGRESSIVE;
				CLANG_CXX_LANGUAGE_STANDARD = "gnu++14";
				CLANG_CXX_LIBRARY = "libc++";
				CLANG_ENABLE_MODULES = YES;
				CLANG_ENABLE_OBJC_ARC = YES;
				CLANG_ENABLE_OBJC_WEAK = YES;
				CLANG_WARN_BLOCK_CAPTURE_AUTORELEASING = YES;
				CLANG_WARN_BOOL_CONVERSION = YES;
				CLANG_WARN_COMMA = YES;
				CLANG_WARN_CONSTANT_CONVERSION = YES;
				CLANG_WARN_DEPRECATED_OBJC_IMPLEMENTATIONS = YES;
				CLANG_WARN_DIRECT_OBJC_ISA_USAGE = YES_ERROR;
				CLANG_WARN_DOCUMENTATION_COMMENTS = YES;
				CLANG_WARN_EMPTY_BODY = YES;
				CLANG_WARN_ENUM_CONVERSION = YES;
				CLANG_WARN_INFINITE_RECURSION = YES;
				CLANG_WARN_INT_CONVERSION = YES;
				CLANG_WARN_NON_LITERAL_NULL_CONVERSION = YES;
				CLANG_WARN_OBJC_IMPLICIT_RETAIN_SELF = YES;
				CLANG_WARN_OBJC_LITERAL_CONVERSION = YES;
				CLANG_WARN_OBJC_ROOT_CLASS = YES_ERROR;
				CLANG_WARN_RANGE_LOOP_ANALYSIS = YES;
				CLANG_WARN_STRICT_PROTOTYPES = YES;
				CLANG_WARN_SUSPICIOUS_MOVE = YES;
				CLANG_WARN_UNGUARDED_AVAILABILITY = YES_AGGRESSIVE;
				CLANG_WARN_UNREACHABLE_CODE = YES;
				CLANG_WARN__DUPLICATE_METHOD_MATCH = YES;
				COPY_PHASE_STRIP = NO;
				DEBUG_INFORMATION_FORMAT = "dwarf-with-dsym";
				ENABLE_NS_ASSERTIONS = NO;
				ENABLE_STRICT_OBJC_MSGSEND = YES;
				GCC_C_LANGUAGE_STANDARD = gnu11;
				GCC_NO_COMMON_BLOCKS = YES;
				GCC_WARN_64_TO_32_BIT_CONVERSION = YES;
				GCC_WARN_ABOUT_RETURN_TYPE = YES_ERROR;
				GCC_WARN_UNDECLARED_SELECTOR = YES;
				GCC_WARN_UNINITIALIZED_AUTOS = YES_AGGRESSIVE;
				GCC_WARN_UNUSED_FUNCTION = YES;
				GCC_WARN_UNUSED_VARIABLE = YES;
				IPHONEOS_DEPLOYMENT_TARGET = 13.2;
				MTL_ENABLE_DEBUG_INFO = NO;
				MTL_FAST_MATH = YES;
				SDKROOT = iphoneos;
				SWIFT_COMPILATION_MODE = wholemodule;
				SWIFT_OPTIMIZATION_LEVEL = "-O";
				VALIDATE_PRODUCT = YES;
			};
			name = Release;
		};
		3B0173D92494E73100CC7907 /* Debug */ = {
			isa = XCBuildConfiguration;
			buildSettings = {
				ASSETCATALOG_COMPILER_APPICON_NAME = AppIcon;
				CODE_SIGN_STYLE = Automatic;
				INFOPLIST_FILE = TaskOne/Info.plist;
				LD_RUNPATH_SEARCH_PATHS = (
					"$(inherited)",
					"@executable_path/Frameworks",
				);
				PRODUCT_BUNDLE_IDENTIFIER = omichka.TaskOne;
				PRODUCT_NAME = "$(TARGET_NAME)";
				SWIFT_VERSION = 5.0;
				TARGETED_DEVICE_FAMILY = "1,2";
			};
			name = Debug;
		};
		3B0173DA2494E73100CC7907 /* Release */ = {
			isa = XCBuildConfiguration;
			buildSettings = {
				ASSETCATALOG_COMPILER_APPICON_NAME = AppIcon;
				CODE_SIGN_STYLE = Automatic;
				INFOPLIST_FILE = TaskOne/Info.plist;
				LD_RUNPATH_SEARCH_PATHS = (
					"$(inherited)",
					"@executable_path/Frameworks",
				);
				PRODUCT_BUNDLE_IDENTIFIER = omichka.TaskOne;
				PRODUCT_NAME = "$(TARGET_NAME)";
				SWIFT_VERSION = 5.0;
				TARGETED_DEVICE_FAMILY = "1,2";
			};
			name = Release;
		};
/* End XCBuildConfiguration section */

/* Begin XCConfigurationList section */
		3B0173BF2494E72C00CC7907 /* Build configuration list for PBXProject "TaskOne" */ = {
			isa = XCConfigurationList;
			buildConfigurations = (
				3B0173D62494E73100CC7907 /* Debug */,
				3B0173D72494E73100CC7907 /* Release */,
			);
			defaultConfigurationIsVisible = 0;
			defaultConfigurationName = Release;
		};
		3B0173D82494E73100CC7907 /* Build configuration list for PBXNativeTarget "TaskOne" */ = {
			isa = XCConfigurationList;
			buildConfigurations = (
				3B0173D92494E73100CC7907 /* Debug */,
				3B0173DA2494E73100CC7907 /* Release */,
			);
			defaultConfigurationIsVisible = 0;
			defaultConfigurationName = Release;
		};
/* End XCConfigurationList section */
	};
	rootObject = 3B0173BC2494E72C00CC7907 /* Project object */;
}
